{
  "name": "live2d",
  "lockfileVersion": 3,
  "requires": true,
  "packages": {
    "": {
      "dependencies": {
        "spine-web-player": "^4.2.4"
      }
    },
    "node_modules/@esotericsoftware/spine-canvas": {
      "version": "4.2.119",
      "resolved": "https://registry.npmjs.org/@esotericsoftware/spine-canvas/-/spine-canvas-4.2.119.tgz",
      "integrity": "sha512-IY8on9/3K9aCiBvQ/W13zu17OFkEDFLceWAsA2DSjy6UhHdK4i/W9iBKcVyKaPhPnXoHM09B7NmZXpRirceq/Q==",
      "license": "LicenseRef-LICENSE",
      "dependencies": {
        "@esotericsoftware/spine-core": "4.2.119"
      }
    },
    "node_modules/@esotericsoftware/spine-core": {
      "version": "4.2.119",
      "resolved": "https://registry.npmjs.org/@esotericsoftware/spine-core/-/spine-core-4.2.119.tgz",
      "integrity": "sha512-lvaRECaQDScO758ZSAR1Fj+GWkBKVZxPdgT/gCiKqdkrjZCDu2UzgbZtdPhxnLPcKG/zsaGJkfbN4OS0wHsxZQ==",
      "license": "LicenseRef-LICENSE"
    },
    "node_modules/@esotericsoftware/spine-webgl": {
      "version": "4.2.119",
      "resolved": "https://registry.npmjs.org/@esotericsoftware/spine-webgl/-/spine-webgl-4.2.119.tgz",
      "integrity": "sha512-8SaY+Ii1MMA8ZJOq1VxffzJ8ns/45M9wc0mjEMg/dHFWR/yvxsMx2fJhq2aRbRkYRobBr8Hu9jOleyUSkFD0Gw==",
      "license": "LicenseRef-LICENSE",
      "dependencies": {
        "@esotericsoftware/spine-core": "4.2.119"
      }
    },
    "node_modules/spine-web-player": {
      "version": "4.2.4",
      "resolved": "https://registry.npmjs.org/spine-web-player/-/spine-web-player-4.2.4.tgz",
      "integrity": "sha512-MHhHktZuKn/U3k57VkKjoyLPRAEN2UBc+GIcEsAdGVhH4BORQ7xRDnoNuSwy35NbS1AOVHMWeU/z7RlZgKq3wQ==",
      "dependencies": {
        "@esotericsoftware/spine-canvas": "~4.2.89",
        "@esotericsoftware/spine-webgl": "~4.2.89"
      }
    }
  }
}
